
Microsoft Visual Studio Solution File, Format Version 12.00
# Visual Studio 15
VisualStudioVersion = 15.0.26730.12
MinimumVisualStudioVersion = 10.0.40219.1
Project("{FAE04EC0-301F-11D3-BF4B-00C04F79EFBC}") = "Core", "Source\Core\Core.csproj", "{08EAF2A4-2835-4ED7-AD62-4BA994F088EB}"
EndProject
Project("{FAE04EC0-301F-11D3-BF4B-00C04F79EFBC}") = "Core.Test", "Tests\Core.Test\Core.Test.csproj", "{D389B495-C6AE-42E7-A1DB-7E5482D0450E}"
EndProject
Project("{FAE04EC0-301F-11D3-BF4B-00C04F79EFBC}") = "Client", "Source\Client\Client.csproj", "{7EEC9672-D161-4FC6-A369-75AA7D806126}"
EndProject
Global
	GlobalSection(SolutionConfigurationPlatforms) = preSolution
		Debug|Any CPU = Debug|Any CPU
		Release|Any CPU = Release|Any CPU
	EndGlobalSection
	GlobalSection(ProjectConfigurationPlatforms) = postSolution
		{08EAF2A4-2835-4ED7-AD62-4BA994F088EB}.Debug|Any CPU.ActiveCfg = Debug|Any CPU
		{08EAF2A4-2835-4ED7-AD62-4BA994F088EB}.Debug|Any CPU.Build.0 = Debug|Any CPU
		{08EAF2A4-2835-4ED7-AD62-4BA994F088EB}.Release|Any CPU.ActiveCfg = Release|Any CPU
		{08EAF2A4-2835-4ED7-AD62-4BA994F088EB}.Release|Any CPU.Build.0 = Release|Any CPU
		{D389B495-C6AE-42E7-A1DB-7E5482D0450E}.Debug|Any CPU.ActiveCfg = Debug|Any CPU
		{D389B495-C6AE-42E7-A1DB-7E5482D0450E}.Debug|Any CPU.Build.0 = Debug|Any CPU
		{D389B495-C6AE-42E7-A1DB-7E5482D0450E}.Release|Any CPU.ActiveCfg = Release|Any CPU
		{D389B495-C6AE-42E7-A1DB-7E5482D0450E}.Release|Any CPU.Build.0 = Release|Any CPU
		{7EEC9672-D161-4FC6-A369-75AA7D806126}.Debug|Any CPU.ActiveCfg = Debug|Any CPU
		{7EEC9672-D161-4FC6-A369-75AA7D806126}.Debug|Any CPU.Build.0 = Debug|Any CPU
		{7EEC9672-D161-4FC6-A369-75AA7D806126}.Release|Any CPU.ActiveCfg = Release|Any CPU
		{7EEC9672-D161-4FC6-A369-75AA7D806126}.Release|Any CPU.Build.0 = Release|Any CPU
	EndGlobalSection
	GlobalSection(SolutionProperties) = preSolution
		HideSolutionNode = FALSE
	EndGlobalSection
	GlobalSection(ExtensibilityGlobals) = postSolution
		SolutionGuid = {926B4DD9-9905-4DEC-A78A-481FD661B794}
	EndGlobalSection
EndGlobal
